// !$*UTF8*$!
{
	archiveVersion = 1;
	classes = {
	};
	objectVersion = 55;
	objects = {

/* Begin PBXBuildFile section */
		841CE436270EE24100E9DA64 /* ContainerViewController.swift in Sources */ = {isa = PBXBuildFile; fileRef = 841CE435270EE24100E9DA64 /* ContainerViewController.swift */; };
		841CE43A270EE68200E9DA64 /* LoginViewController.swift in Sources */ = {isa = PBXBuildFile; fileRef = 841CE439270EE68200E9DA64 /* LoginViewController.swift */; };
		841CE43F270EE6F100E9DA64 /* LaborantsViewController.swift in Sources */ = {isa = PBXBuildFile; fileRef = 841CE43E270EE6F100E9DA64 /* LaborantsViewController.swift */; };
		841CE441270EE70300E9DA64 /* CompanyViewController.swift in Sources */ = {isa = PBXBuildFile; fileRef = 841CE440270EE70300E9DA64 /* CompanyViewController.swift */; };
		841CE443270EEC8900E9DA64 /* MenuViewController.swift in Sources */ = {isa = PBXBuildFile; fileRef = 841CE442270EEC8900E9DA64 /* MenuViewController.swift */; };
		841CE445270EEE5100E9DA64 /* MenuView.swift in Sources */ = {isa = PBXBuildFile; fileRef = 841CE444270EEE5100E9DA64 /* MenuView.swift */; };
		841CE448270EF75000E9DA64 /* Extension + View.swift in Sources */ = {isa = PBXBuildFile; fileRef = 841CE447270EF75000E9DA64 /* Extension + View.swift */; };
		841CE44A270F09A000E9DA64 /* MenuTabBarController.swift in Sources */ = {isa = PBXBuildFile; fileRef = 841CE449270F09A000E9DA64 /* MenuTabBarController.swift */; };
		841CE450270F1E1800E9DA64 /* BaseStationsViewController.swift in Sources */ = {isa = PBXBuildFile; fileRef = 841CE44F270F1E1800E9DA64 /* BaseStationsViewController.swift */; };
		841CE452270F1E2A00E9DA64 /* ThermalRodsViewController.swift in Sources */ = {isa = PBXBuildFile; fileRef = 841CE451270F1E2A00E9DA64 /* ThermalRodsViewController.swift */; };
		841CE454270F1E3400E9DA64 /* StorageViewController.swift in Sources */ = {isa = PBXBuildFile; fileRef = 841CE453270F1E3400E9DA64 /* StorageViewController.swift */; };
		841CE456270F1E3F00E9DA64 /* ShopViewController.swift in Sources */ = {isa = PBXBuildFile; fileRef = 841CE455270F1E3F00E9DA64 /* ShopViewController.swift */; };
		841CE458270F264A00E9DA64 /* MenuViewModel.swift in Sources */ = {isa = PBXBuildFile; fileRef = 841CE457270F264A00E9DA64 /* MenuViewModel.swift */; };
		84D398D6270B62E100D0ABE1 /* AppDelegate.swift in Sources */ = {isa = PBXBuildFile; fileRef = 84D398D5270B62E100D0ABE1 /* AppDelegate.swift */; };
		84D398D8270B62E100D0ABE1 /* SceneDelegate.swift in Sources */ = {isa = PBXBuildFile; fileRef = 84D398D7270B62E100D0ABE1 /* SceneDelegate.swift */; };
		84D398DF270B62E200D0ABE1 /* Assets.xcassets in Resources */ = {isa = PBXBuildFile; fileRef = 84D398DE270B62E200D0ABE1 /* Assets.xcassets */; };
		84D398E2270B62E200D0ABE1 /* LaunchScreen.storyboard in Resources */ = {isa = PBXBuildFile; fileRef = 84D398E0270B62E200D0ABE1 /* LaunchScreen.storyboard */; };
		84D398ED270B62E300D0ABE1 /* PlankaTests.swift in Sources */ = {isa = PBXBuildFile; fileRef = 84D398EC270B62E300D0ABE1 /* PlankaTests.swift */; };
		84D398F7270B62E300D0ABE1 /* PlankaUITests.swift in Sources */ = {isa = PBXBuildFile; fileRef = 84D398F6270B62E300D0ABE1 /* PlankaUITests.swift */; };
		84D398F9270B62E300D0ABE1 /* PlankaUITestsLaunchTests.swift in Sources */ = {isa = PBXBuildFile; fileRef = 84D398F8270B62E300D0ABE1 /* PlankaUITestsLaunchTests.swift */; };
/* End PBXBuildFile section */

/* Begin PBXContainerItemProxy section */
		84D398E9270B62E300D0ABE1 /* PBXContainerItemProxy */ = {
			isa = PBXContainerItemProxy;
			containerPortal = 84D398CA270B62E100D0ABE1 /* Project object */;
			proxyType = 1;
			remoteGlobalIDString = 84D398D1270B62E100D0ABE1;
			remoteInfo = Planka;
		};
		84D398F3270B62E300D0ABE1 /* PBXContainerItemProxy */ = {
			isa = PBXContainerItemProxy;
			containerPortal = 84D398CA270B62E100D0ABE1 /* Project object */;
			proxyType = 1;
			remoteGlobalIDString = 84D398D1270B62E100D0ABE1;
			remoteInfo = Planka;
		};
/* End PBXContainerItemProxy section */

/* Begin PBXFileReference section */
		841CE435270EE24100E9DA64 /* ContainerViewController.swift */ = {isa = PBXFileReference; lastKnownFileType = sourcecode.swift; path = ContainerViewController.swift; sourceTree = "<group>"; };
		841CE439270EE68200E9DA64 /* LoginViewController.swift */ = {isa = PBXFileReference; lastKnownFileType = sourcecode.swift; path = LoginViewController.swift; sourceTree = "<group>"; };
		841CE43E270EE6F100E9DA64 /* LaborantsViewController.swift */ = {isa = PBXFileReference; lastKnownFileType = sourcecode.swift; path = LaborantsViewController.swift; sourceTree = "<group>"; };
		841CE440270EE70300E9DA64 /* CompanyViewController.swift */ = {isa = PBXFileReference; lastKnownFileType = sourcecode.swift; path = CompanyViewController.swift; sourceTree = "<group>"; };
		841CE442270EEC8900E9DA64 /* MenuViewController.swift */ = {isa = PBXFileReference; lastKnownFileType = sourcecode.swift; path = MenuViewController.swift; sourceTree = "<group>"; };
		841CE444270EEE5100E9DA64 /* MenuView.swift */ = {isa = PBXFileReference; lastKnownFileType = sourcecode.swift; path = MenuView.swift; sourceTree = "<group>"; };
		841CE447270EF75000E9DA64 /* Extension + View.swift */ = {isa = PBXFileReference; lastKnownFileType = sourcecode.swift; path = "Extension + View.swift"; sourceTree = "<group>"; };
		841CE449270F09A000E9DA64 /* MenuTabBarController.swift */ = {isa = PBXFileReference; lastKnownFileType = sourcecode.swift; path = MenuTabBarController.swift; sourceTree = "<group>"; };
		841CE44F270F1E1800E9DA64 /* BaseStationsViewController.swift */ = {isa = PBXFileReference; lastKnownFileType = sourcecode.swift; path = BaseStationsViewController.swift; sourceTree = "<group>"; };
		841CE451270F1E2A00E9DA64 /* ThermalRodsViewController.swift */ = {isa = PBXFileReference; lastKnownFileType = sourcecode.swift; path = ThermalRodsViewController.swift; sourceTree = "<group>"; };
		841CE453270F1E3400E9DA64 /* StorageViewController.swift */ = {isa = PBXFileReference; lastKnownFileType = sourcecode.swift; path = StorageViewController.swift; sourceTree = "<group>"; };
		841CE455270F1E3F00E9DA64 /* ShopViewController.swift */ = {isa = PBXFileReference; lastKnownFileType = sourcecode.swift; path = ShopViewController.swift; sourceTree = "<group>"; };
		841CE457270F264A00E9DA64 /* MenuViewModel.swift */ = {isa = PBXFileReference; lastKnownFileType = sourcecode.swift; path = MenuViewModel.swift; sourceTree = "<group>"; };
		84D398D2270B62E100D0ABE1 /* Planka.app */ = {isa = PBXFileReference; explicitFileType = wrapper.application; includeInIndex = 0; path = Planka.app; sourceTree = BUILT_PRODUCTS_DIR; };
		84D398D5270B62E100D0ABE1 /* AppDelegate.swift */ = {isa = PBXFileReference; lastKnownFileType = sourcecode.swift; path = AppDelegate.swift; sourceTree = "<group>"; };
		84D398D7270B62E100D0ABE1 /* SceneDelegate.swift */ = {isa = PBXFileReference; lastKnownFileType = sourcecode.swift; path = SceneDelegate.swift; sourceTree = "<group>"; };
		84D398DE270B62E200D0ABE1 /* Assets.xcassets */ = {isa = PBXFileReference; lastKnownFileType = folder.assetcatalog; path = Assets.xcassets; sourceTree = "<group>"; };
		84D398E1270B62E200D0ABE1 /* Base */ = {isa = PBXFileReference; lastKnownFileType = file.storyboard; name = Base; path = Base.lproj/LaunchScreen.storyboard; sourceTree = "<group>"; };
		84D398E3270B62E200D0ABE1 /* Info.plist */ = {isa = PBXFileReference; lastKnownFileType = text.plist.xml; path = Info.plist; sourceTree = "<group>"; };
		84D398E8270B62E300D0ABE1 /* PlankaTests.xctest */ = {isa = PBXFileReference; explicitFileType = wrapper.cfbundle; includeInIndex = 0; path = PlankaTests.xctest; sourceTree = BUILT_PRODUCTS_DIR; };
		84D398EC270B62E300D0ABE1 /* PlankaTests.swift */ = {isa = PBXFileReference; lastKnownFileType = sourcecode.swift; path = PlankaTests.swift; sourceTree = "<group>"; };
		84D398F2270B62E300D0ABE1 /* PlankaUITests.xctest */ = {isa = PBXFileReference; explicitFileType = wrapper.cfbundle; includeInIndex = 0; path = PlankaUITests.xctest; sourceTree = BUILT_PRODUCTS_DIR; };
		84D398F6270B62E300D0ABE1 /* PlankaUITests.swift */ = {isa = PBXFileReference; lastKnownFileType = sourcecode.swift; path = PlankaUITests.swift; sourceTree = "<group>"; };
		84D398F8270B62E300D0ABE1 /* PlankaUITestsLaunchTests.swift */ = {isa = PBXFileReference; lastKnownFileType = sourcecode.swift; path = PlankaUITestsLaunchTests.swift; sourceTree = "<group>"; };
/* End PBXFileReference section */

/* Begin PBXFrameworksBuildPhase section */
		84D398CF270B62E100D0ABE1 /* Frameworks */ = {
			isa = PBXFrameworksBuildPhase;
			buildActionMask = 2147483647;
			files = (
			);
			runOnlyForDeploymentPostprocessing = 0;
		};
		84D398E5270B62E300D0ABE1 /* Frameworks */ = {
			isa = PBXFrameworksBuildPhase;
			buildActionMask = 2147483647;
			files = (
			);
			runOnlyForDeploymentPostprocessing = 0;
		};
		84D398EF270B62E300D0ABE1 /* Frameworks */ = {
			isa = PBXFrameworksBuildPhase;
			buildActionMask = 2147483647;
			files = (
			);
			runOnlyForDeploymentPostprocessing = 0;
		};
/* End PBXFrameworksBuildPhase section */

/* Begin PBXGroup section */
		841CE437270EE5FB00E9DA64 /* Auth */ = {
			isa = PBXGroup;
			children = (
				841CE439270EE68200E9DA64 /* LoginViewController.swift */,
			);
			path = Auth;
			sourceTree = "<group>";
		};
		841CE43B270EE69100E9DA64 /* Menu */ = {
			isa = PBXGroup;
			children = (
				841CE435270EE24100E9DA64 /* ContainerViewController.swift */,
				841CE449270F09A000E9DA64 /* MenuTabBarController.swift */,
				841CE442270EEC8900E9DA64 /* MenuViewController.swift */,
				841CE444270EEE5100E9DA64 /* MenuView.swift */,
				841CE457270F264A00E9DA64 /* MenuViewModel.swift */,
			);
			path = Menu;
			sourceTree = "<group>";
		};
		841CE43C270EE6A000E9DA64 /* Company */ = {
			isa = PBXGroup;
			children = (
				841CE440270EE70300E9DA64 /* CompanyViewController.swift */,
			);
			path = Company;
			sourceTree = "<group>";
		};
		841CE43D270EE6CF00E9DA64 /* Laborants */ = {
			isa = PBXGroup;
			children = (
				841CE43E270EE6F100E9DA64 /* LaborantsViewController.swift */,
			);
			path = Laborants;
			sourceTree = "<group>";
		};
		841CE446270EF72D00E9DA64 /* Utils */ = {
			isa = PBXGroup;
			children = (
				841CE447270EF75000E9DA64 /* Extension + View.swift */,
			);
			path = Utils;
			sourceTree = "<group>";
		};
		841CE44B270F1D9500E9DA64 /* ThernalRods */ = {
			isa = PBXGroup;
			children = (
				841CE451270F1E2A00E9DA64 /* ThermalRodsViewController.swift */,
			);
			path = ThernalRods;
			sourceTree = "<group>";
		};
		841CE44C270F1DA800E9DA64 /* Storage */ = {
			isa = PBXGroup;
			children = (
				841CE453270F1E3400E9DA64 /* StorageViewController.swift */,
			);
			path = Storage;
			sourceTree = "<group>";
		};
		841CE44D270F1DB700E9DA64 /* BaseStations */ = {
			isa = PBXGroup;
			children = (
				841CE44F270F1E1800E9DA64 /* BaseStationsViewController.swift */,
			);
			path = BaseStations;
			sourceTree = "<group>";
		};
		841CE44E270F1DC200E9DA64 /* Shop */ = {
			isa = PBXGroup;
			children = (
				841CE455270F1E3F00E9DA64 /* ShopViewController.swift */,
			);
			path = Shop;
			sourceTree = "<group>";
		};
		84D398C9270B62E100D0ABE1 = {
			isa = PBXGroup;
			children = (
				84D398D4270B62E100D0ABE1 /* Planka */,
				84D398EB270B62E300D0ABE1 /* PlankaTests */,
				84D398F5270B62E300D0ABE1 /* PlankaUITests */,
				84D398D3270B62E100D0ABE1 /* Products */,
			);
			sourceTree = "<group>";
		};
		84D398D3270B62E100D0ABE1 /* Products */ = {
			isa = PBXGroup;
			children = (
				84D398D2270B62E100D0ABE1 /* Planka.app */,
				84D398E8270B62E300D0ABE1 /* PlankaTests.xctest */,
				84D398F2270B62E300D0ABE1 /* PlankaUITests.xctest */,
			);
			name = Products;
			sourceTree = "<group>";
		};
		84D398D4270B62E100D0ABE1 /* Planka */ = {
			isa = PBXGroup;
			children = (
				841CE43B270EE69100E9DA64 /* Menu */,
				841CE437270EE5FB00E9DA64 /* Auth */,
				841CE43C270EE6A000E9DA64 /* Company */,
				841CE43D270EE6CF00E9DA64 /* Laborants */,
				841CE44D270F1DB700E9DA64 /* BaseStations */,
				841CE44B270F1D9500E9DA64 /* ThernalRods */,
				841CE44C270F1DA800E9DA64 /* Storage */,
				841CE44E270F1DC200E9DA64 /* Shop */,
				841CE446270EF72D00E9DA64 /* Utils */,
				84D398D5270B62E100D0ABE1 /* AppDelegate.swift */,
				84D398D7270B62E100D0ABE1 /* SceneDelegate.swift */,
				84D398DE270B62E200D0ABE1 /* Assets.xcassets */,
				84D398E0270B62E200D0ABE1 /* LaunchScreen.storyboard */,
				84D398E3270B62E200D0ABE1 /* Info.plist */,
			);
			path = Planka;
			sourceTree = "<group>";
		};
		84D398EB270B62E300D0ABE1 /* PlankaTests */ = {
			isa = PBXGroup;
			children = (
				84D398EC270B62E300D0ABE1 /* PlankaTests.swift */,
			);
			path = PlankaTests;
			sourceTree = "<group>";
		};
		84D398F5270B62E300D0ABE1 /* PlankaUITests */ = {
			isa = PBXGroup;
			children = (
				84D398F6270B62E300D0ABE1 /* PlankaUITests.swift */,
				84D398F8270B62E300D0ABE1 /* PlankaUITestsLaunchTests.swift */,
			);
			path = PlankaUITests;
			sourceTree = "<group>";
		};
/* End PBXGroup section */

/* Begin PBXNativeTarget section */
		84D398D1270B62E100D0ABE1 /* Planka */ = {
			isa = PBXNativeTarget;
			buildConfigurationList = 84D398FC270B62E300D0ABE1 /* Build configuration list for PBXNativeTarget "Planka" */;
			buildPhases = (
				84D398CE270B62E100D0ABE1 /* Sources */,
				84D398CF270B62E100D0ABE1 /* Frameworks */,
				84D398D0270B62E100D0ABE1 /* Resources */,
			);
			buildRules = (
			);
			dependencies = (
			);
			name = Planka;
			productName = Planka;
			productReference = 84D398D2270B62E100D0ABE1 /* Planka.app */;
			productType = "com.apple.product-type.application";
		};
		84D398E7270B62E300D0ABE1 /* PlankaTests */ = {
			isa = PBXNativeTarget;
			buildConfigurationList = 84D398FF270B62E300D0ABE1 /* Build configuration list for PBXNativeTarget "PlankaTests" */;
			buildPhases = (
				84D398E4270B62E300D0ABE1 /* Sources */,
				84D398E5270B62E300D0ABE1 /* Frameworks */,
				84D398E6270B62E300D0ABE1 /* Resources */,
			);
			buildRules = (
			);
			dependencies = (
				84D398EA270B62E300D0ABE1 /* PBXTargetDependency */,
			);
			name = PlankaTests;
			productName = PlankaTests;
			productReference = 84D398E8270B62E300D0ABE1 /* PlankaTests.xctest */;
			productType = "com.apple.product-type.bundle.unit-test";
		};
		84D398F1270B62E300D0ABE1 /* PlankaUITests */ = {
			isa = PBXNativeTarget;
			buildConfigurationList = 84D39902270B62E300D0ABE1 /* Build configuration list for PBXNativeTarget "PlankaUITests" */;
			buildPhases = (
				84D398EE270B62E300D0ABE1 /* Sources */,
				84D398EF270B62E300D0ABE1 /* Frameworks */,
				84D398F0270B62E300D0ABE1 /* Resources */,
			);
			buildRules = (
			);
			dependencies = (
				84D398F4270B62E300D0ABE1 /* PBXTargetDependency */,
			);
			name = PlankaUITests;
			productName = PlankaUITests;
			productReference = 84D398F2270B62E300D0ABE1 /* PlankaUITests.xctest */;
			productType = "com.apple.product-type.bundle.ui-testing";
		};
/* End PBXNativeTarget section */

/* Begin PBXProject section */
		84D398CA270B62E100D0ABE1 /* Project object */ = {
			isa = PBXProject;
			attributes = {
				BuildIndependentTargetsInParallel = 1;
				LastSwiftUpdateCheck = 1300;
				LastUpgradeCheck = 1300;
				TargetAttributes = {
					84D398D1270B62E100D0ABE1 = {
						CreatedOnToolsVersion = 13.0;
					};
					84D398E7270B62E300D0ABE1 = {
						CreatedOnToolsVersion = 13.0;
						TestTargetID = 84D398D1270B62E100D0ABE1;
					};
					84D398F1270B62E300D0ABE1 = {
						CreatedOnToolsVersion = 13.0;
						TestTargetID = 84D398D1270B62E100D0ABE1;
					};
				};
			};
			buildConfigurationList = 84D398CD270B62E100D0ABE1 /* Build configuration list for PBXProject "Planka" */;
			compatibilityVersion = "Xcode 13.0";
			developmentRegion = en;
			hasScannedForEncodings = 0;
			knownRegions = (
				en,
				Base,
			);
			mainGroup = 84D398C9270B62E100D0ABE1;
			productRefGroup = 84D398D3270B62E100D0ABE1 /* Products */;
			projectDirPath = "";
			projectRoot = "";
			targets = (
				84D398D1270B62E100D0ABE1 /* Planka */,
				84D398E7270B62E300D0ABE1 /* PlankaTests */,
				84D398F1270B62E300D0ABE1 /* PlankaUITests */,
			);
		};
/* End PBXProject section */

/* Begin PBXResourcesBuildPhase section */
		84D398D0270B62E100D0ABE1 /* Resources */ = {
			isa = PBXResourcesBuildPhase;
			buildActionMask = 2147483647;
			files = (
				84D398E2270B62E200D0ABE1 /* LaunchScreen.storyboard in Resources */,
				84D398DF270B62E200D0ABE1 /* Assets.xcassets in Resources */,
			);
			runOnlyForDeploymentPostprocessing = 0;
		};
		84D398E6270B62E300D0ABE1 /* Resources */ = {
			isa = PBXResourcesBuildPhase;
			buildActionMask = 2147483647;
			files = (
			);
			runOnlyForDeploymentPostprocessing = 0;
		};
		84D398F0270B62E300D0ABE1 /* Resources */ = {
			isa = PBXResourcesBuildPhase;
			buildActionMask = 2147483647;
			files = (
			);
			runOnlyForDeploymentPostprocessing = 0;
		};
/* End PBXResourcesBuildPhase section */

/* Begin PBXSourcesBuildPhase section */
		84D398CE270B62E100D0ABE1 /* Sources */ = {
			isa = PBXSourcesBuildPhase;
			buildActionMask = 2147483647;
			files = (
				841CE450270F1E1800E9DA64 /* BaseStationsViewController.swift in Sources */,
				841CE452270F1E2A00E9DA64 /* ThermalRodsViewController.swift in Sources */,
				84D398D6270B62E100D0ABE1 /* AppDelegate.swift in Sources */,
				841CE458270F264A00E9DA64 /* MenuViewModel.swift in Sources */,
				841CE436270EE24100E9DA64 /* ContainerViewController.swift in Sources */,
				841CE43A270EE68200E9DA64 /* LoginViewController.swift in Sources */,
				841CE448270EF75000E9DA64 /* Extension + View.swift in Sources */,
				841CE445270EEE5100E9DA64 /* MenuView.swift in Sources */,
				841CE456270F1E3F00E9DA64 /* ShopViewController.swift in Sources */,
				841CE44A270F09A000E9DA64 /* MenuTabBarController.swift in Sources */,
				84D398D8270B62E100D0ABE1 /* SceneDelegate.swift in Sources */,
				841CE454270F1E3400E9DA64 /* StorageViewController.swift in Sources */,
				841CE441270EE70300E9DA64 /* CompanyViewController.swift in Sources */,
				841CE43F270EE6F100E9DA64 /* LaborantsViewController.swift in Sources */,
				841CE443270EEC8900E9DA64 /* MenuViewController.swift in Sources */,
			);
			runOnlyForDeploymentPostprocessing = 0;
		};
		84D398E4270B62E300D0ABE1 /* Sources */ = {
			isa = PBXSourcesBuildPhase;
			buildActionMask = 2147483647;
			files = (
				84D398ED270B62E300D0ABE1 /* PlankaTests.swift in Sources */,
			);
			runOnlyForDeploymentPostprocessing = 0;
		};
		84D398EE270B62E300D0ABE1 /* Sources */ = {
			isa = PBXSourcesBuildPhase;
			buildActionMask = 2147483647;
			files = (
				84D398F7270B62E300D0ABE1 /* PlankaUITests.swift in Sources */,
				84D398F9270B62E300D0ABE1 /* PlankaUITestsLaunchTests.swift in Sources */,
			);
			runOnlyForDeploymentPostprocessing = 0;
		};
/* End PBXSourcesBuildPhase section */

/* Begin PBXTargetDependency section */
		84D398EA270B62E300D0ABE1 /* PBXTargetDependency */ = {
			isa = PBXTargetDependency;
			target = 84D398D1270B62E100D0ABE1 /* Planka */;
			targetProxy = 84D398E9270B62E300D0ABE1 /* PBXContainerItemProxy */;
		};
		84D398F4270B62E300D0ABE1 /* PBXTargetDependency */ = {
			isa = PBXTargetDependency;
			target = 84D398D1270B62E100D0ABE1 /* Planka */;
			targetProxy = 84D398F3270B62E300D0ABE1 /* PBXContainerItemProxy */;
		};
/* End PBXTargetDependency section */

/* Begin PBXVariantGroup section */
		84D398E0270B62E200D0ABE1 /* LaunchScreen.storyboard */ = {
			isa = PBXVariantGroup;
			children = (
				84D398E1270B62E200D0ABE1 /* Base */,
			);
			name = LaunchScreen.storyboard;
			sourceTree = "<group>";
		};
/* End PBXVariantGroup section */

/* Begin XCBuildConfiguration section */
		84D398FA270B62E300D0ABE1 /* Debug */ = {
			isa = XCBuildConfiguration;
			buildSettings = {
				ALWAYS_SEARCH_USER_PATHS = NO;
				CLANG_ANALYZER_NONNULL = YES;
				CLANG_ANALYZER_NUMBER_OBJECT_CONVERSION = YES_AGGRESSIVE;
				CLANG_CXX_LANGUAGE_STANDARD = "gnu++17";
				CLANG_CXX_LIBRARY = "libc++";
				CLANG_ENABLE_MODULES = YES;
				CLANG_ENABLE_OBJC_ARC = YES;
				CLANG_ENABLE_OBJC_WEAK = YES;
				CLANG_WARN_BLOCK_CAPTURE_AUTORELEASING = YES;
				CLANG_WARN_BOOL_CONVERSION = YES;
				CLANG_WARN_COMMA = YES;
				CLANG_WARN_CONSTANT_CONVERSION = YES;
				CLANG_WARN_DEPRECATED_OBJC_IMPLEMENTATIONS = YES;
				CLANG_WARN_DIRECT_OBJC_ISA_USAGE = YES_ERROR;
				CLANG_WARN_DOCUMENTATION_COMMENTS = YES;
				CLANG_WARN_EMPTY_BODY = YES;
				CLANG_WARN_ENUM_CONVERSION = YES;
				CLANG_WARN_INFINITE_RECURSION = YES;
				CLANG_WARN_INT_CONVERSION = YES;
				CLANG_WARN_NON_LITERAL_NULL_CONVERSION = YES;
				CLANG_WARN_OBJC_IMPLICIT_RETAIN_SELF = YES;
				CLANG_WARN_OBJC_LITERAL_CONVERSION = YES;
				CLANG_WARN_OBJC_ROOT_CLASS = YES_ERROR;
				CLANG_WARN_QUOTED_INCLUDE_IN_FRAMEWORK_HEADER = YES;
				CLANG_WARN_RANGE_LOOP_ANALYSIS = YES;
				CLANG_WARN_STRICT_PROTOTYPES = YES;
				CLANG_WARN_SUSPICIOUS_MOVE = YES;
				CLANG_WARN_UNGUARDED_AVAILABILITY = YES_AGGRESSIVE;
				CLANG_WARN_UNREACHABLE_CODE = YES;
				CLANG_WARN__DUPLICATE_METHOD_MATCH = YES;
				COPY_PHASE_STRIP = NO;
				DEBUG_INFORMATION_FORMAT = dwarf;
				ENABLE_STRICT_OBJC_MSGSEND = YES;
				ENABLE_TESTABILITY = YES;
				GCC_C_LANGUAGE_STANDARD = gnu11;
				GCC_DYNAMIC_NO_PIC = NO;
				GCC_NO_COMMON_BLOCKS = YES;
				GCC_OPTIMIZATION_LEVEL = 0;
				GCC_PREPROCESSOR_DEFINITIONS = (
					"DEBUG=1",
					"$(inherited)",
				);
				GCC_WARN_64_TO_32_BIT_CONVERSION = YES;
				GCC_WARN_ABOUT_RETURN_TYPE = YES_ERROR;
				GCC_WARN_UNDECLARED_SELECTOR = YES;
				GCC_WARN_UNINITIALIZED_AUTOS = YES_AGGRESSIVE;
				GCC_WARN_UNUSED_FUNCTION = YES;
				GCC_WARN_UNUSED_VARIABLE = YES;
				IPHONEOS_DEPLOYMENT_TARGET = 14.0;
				MTL_ENABLE_DEBUG_INFO = INCLUDE_SOURCE;
				MTL_FAST_MATH = YES;
				ONLY_ACTIVE_ARCH = YES;
				SDKROOT = iphoneos;
				SWIFT_ACTIVE_COMPILATION_CONDITIONS = DEBUG;
				SWIFT_OPTIMIZATION_LEVEL = "-Onone";
			};
			name = Debug;
		};
		84D398FB270B62E300D0ABE1 /* Release */ = {
			isa = XCBuildConfiguration;
			buildSettings = {
				ALWAYS_SEARCH_USER_PATHS = NO;
				CLANG_ANALYZER_NONNULL = YES;
				CLANG_ANALYZER_NUMBER_OBJECT_CONVERSION = YES_AGGRESSIVE;
				CLANG_CXX_LANGUAGE_STANDARD = "gnu++17";
				CLANG_CXX_LIBRARY = "libc++";
				CLANG_ENABLE_MODULES = YES;
				CLANG_ENABLE_OBJC_ARC = YES;
				CLANG_ENABLE_OBJC_WEAK = YES;
				CLANG_WARN_BLOCK_CAPTURE_AUTORELEASING = YES;
				CLANG_WARN_BOOL_CONVERSION = YES;
				CLANG_WARN_COMMA = YES;
				CLANG_WARN_CONSTANT_CONVERSION = YES;
				CLANG_WARN_DEPRECATED_OBJC_IMPLEMENTATIONS = YES;
				CLANG_WARN_DIRECT_OBJC_ISA_USAGE = YES_ERROR;
				CLANG_WARN_DOCUMENTATION_COMMENTS = YES;
				CLANG_WARN_EMPTY_BODY = YES;
				CLANG_WARN_ENUM_CONVERSION = YES;
				CLANG_WARN_INFINITE_RECURSION = YES;
				CLANG_WARN_INT_CONVERSION = YES;
				CLANG_WARN_NON_LITERAL_NULL_CONVERSION = YES;
				CLANG_WARN_OBJC_IMPLICIT_RETAIN_SELF = YES;
				CLANG_WARN_OBJC_LITERAL_CONVERSION = YES;
				CLANG_WARN_OBJC_ROOT_CLASS = YES_ERROR;
				CLANG_WARN_QUOTED_INCLUDE_IN_FRAMEWORK_HEADER = YES;
				CLANG_WARN_RANGE_LOOP_ANALYSIS = YES;
				CLANG_WARN_STRICT_PROTOTYPES = YES;
				CLANG_WARN_SUSPICIOUS_MOVE = YES;
				CLANG_WARN_UNGUARDED_AVAILABILITY = YES_AGGRESSIVE;
				CLANG_WARN_UNREACHABLE_CODE = YES;
				CLANG_WARN__DUPLICATE_METHOD_MATCH = YES;
				COPY_PHASE_STRIP = NO;
				DEBUG_INFORMATION_FORMAT = "dwarf-with-dsym";
				ENABLE_NS_ASSERTIONS = NO;
				ENABLE_STRICT_OBJC_MSGSEND = YES;
				GCC_C_LANGUAGE_STANDARD = gnu11;
				GCC_NO_COMMON_BLOCKS = YES;
				GCC_WARN_64_TO_32_BIT_CONVERSION = YES;
				GCC_WARN_ABOUT_RETURN_TYPE = YES_ERROR;
				GCC_WARN_UNDECLARED_SELECTOR = YES;
				GCC_WARN_UNINITIALIZED_AUTOS = YES_AGGRESSIVE;
				GCC_WARN_UNUSED_FUNCTION = YES;
				GCC_WARN_UNUSED_VARIABLE = YES;
				IPHONEOS_DEPLOYMENT_TARGET = 14.0;
				MTL_ENABLE_DEBUG_INFO = NO;
				MTL_FAST_MATH = YES;
				SDKROOT = iphoneos;
				SWIFT_COMPILATION_MODE = wholemodule;
				SWIFT_OPTIMIZATION_LEVEL = "-O";
				VALIDATE_PRODUCT = YES;
			};
			name = Release;
		};
		84D398FD270B62E300D0ABE1 /* Debug */ = {
			isa = XCBuildConfiguration;
			buildSettings = {
				ASSETCATALOG_COMPILER_APPICON_NAME = AppIcon;
				ASSETCATALOG_COMPILER_GLOBAL_ACCENT_COLOR_NAME = AccentColor;
				CODE_SIGN_STYLE = Automatic;
				CURRENT_PROJECT_VERSION = 1;
				DEVELOPMENT_TEAM = 245L36N25P;
				GENERATE_INFOPLIST_FILE = YES;
				INFOPLIST_FILE = Planka/Info.plist;
				INFOPLIST_KEY_UIApplicationSupportsIndirectInputEvents = YES;
				INFOPLIST_KEY_UILaunchStoryboardName = LaunchScreen;
				INFOPLIST_KEY_UISupportedInterfaceOrientations_iPad = "UIInterfaceOrientationPortrait UIInterfaceOrientationPortraitUpsideDown UIInterfaceOrientationLandscapeLeft UIInterfaceOrientationLandscapeRight";
				INFOPLIST_KEY_UISupportedInterfaceOrientations_iPhone = "UIInterfaceOrientationPortrait UIInterfaceOrientationLandscapeLeft UIInterfaceOrientationLandscapeRight";
				LD_RUNPATH_SEARCH_PATHS = (
					"$(inherited)",
					"@executable_path/Frameworks",
				);
				MARKETING_VERSION = 1.0;
				PRODUCT_BUNDLE_IDENTIFIER = drogonov.Planka;
				PRODUCT_NAME = "$(TARGET_NAME)";
				SWIFT_EMIT_LOC_STRINGS = YES;
				SWIFT_VERSION = 5.0;
				TARGETED_DEVICE_FAMILY = "1,2";
			};
			name = Debug;
		};
		84D398FE270B62E300D0ABE1 /* Release */ = {
			isa = XCBuildConfiguration;
			buildSettings = {
				ASSETCATALOG_COMPILER_APPICON_NAME = AppIcon;
				ASSETCATALOG_COMPILER_GLOBAL_ACCENT_COLOR_NAME = AccentColor;
				CODE_SIGN_STYLE = Automatic;
				CURRENT_PROJECT_VERSION = 1;
				DEVELOPMENT_TEAM = 245L36N25P;
				GENERATE_INFOPLIST_FILE = YES;
				INFOPLIST_FILE = Planka/Info.plist;
				INFOPLIST_KEY_UIApplicationSupportsIndirectInputEvents = YES;
				INFOPLIST_KEY_UILaunchStoryboardName = LaunchScreen;
				INFOPLIST_KEY_UISupportedInterfaceOrientations_iPad = "UIInterfaceOrientationPortrait UIInterfaceOrientationPortraitUpsideDown UIInterfaceOrientationLandscapeLeft UIInterfaceOrientationLandscapeRight";
				INFOPLIST_KEY_UISupportedInterfaceOrientations_iPhone = "UIInterfaceOrientationPortrait UIInterfaceOrientationLandscapeLeft UIInterfaceOrientationLandscapeRight";
				LD_RUNPATH_SEARCH_PATHS = (
					"$(inherited)",
					"@executable_path/Frameworks",
				);
				MARKETING_VERSION = 1.0;
				PRODUCT_BUNDLE_IDENTIFIER = drogonov.Planka;
				PRODUCT_NAME = "$(TARGET_NAME)";
				SWIFT_EMIT_LOC_STRINGS = YES;
				SWIFT_VERSION = 5.0;
				TARGETED_DEVICE_FAMILY = "1,2";
			};
			name = Release;
		};
		84D39900270B62E300D0ABE1 /* Debug */ = {
			isa = XCBuildConfiguration;
			buildSettings = {
				ALWAYS_EMBED_SWIFT_STANDARD_LIBRARIES = YES;
				BUNDLE_LOADER = "$(TEST_HOST)";
				CODE_SIGN_STYLE = Automatic;
				CURRENT_PROJECT_VERSION = 1;
				DEVELOPMENT_TEAM = 245L36N25P;
				GENERATE_INFOPLIST_FILE = YES;
				IPHONEOS_DEPLOYMENT_TARGET = 15.0;
				LD_RUNPATH_SEARCH_PATHS = (
					"$(inherited)",
					"@executable_path/Frameworks",
					"@loader_path/Frameworks",
				);
				MARKETING_VERSION = 1.0;
				PRODUCT_BUNDLE_IDENTIFIER = drogonov.PlankaTests;
				PRODUCT_NAME = "$(TARGET_NAME)";
				SWIFT_EMIT_LOC_STRINGS = NO;
				SWIFT_VERSION = 5.0;
				TARGETED_DEVICE_FAMILY = "1,2";
				TEST_HOST = "$(BUILT_PRODUCTS_DIR)/Planka.app/Planka";
			};
			name = Debug;
		};
		84D39901270B62E300D0ABE1 /* Release */ = {
			isa = XCBuildConfiguration;
			buildSettings = {
				ALWAYS_EMBED_SWIFT_STANDARD_LIBRARIES = YES;
				BUNDLE_LOADER = "$(TEST_HOST)";
				CODE_SIGN_STYLE = Automatic;
				CURRENT_PROJECT_VERSION = 1;
				DEVELOPMENT_TEAM = 245L36N25P;
				GENERATE_INFOPLIST_FILE = YES;
				IPHONEOS_DEPLOYMENT_TARGET = 15.0;
				LD_RUNPATH_SEARCH_PATHS = (
					"$(inherited)",
					"@executable_path/Frameworks",
					"@loader_path/Frameworks",
				);
				MARKETING_VERSION = 1.0;
				PRODUCT_BUNDLE_IDENTIFIER = drogonov.PlankaTests;
				PRODUCT_NAME = "$(TARGET_NAME)";
				SWIFT_EMIT_LOC_STRINGS = NO;
				SWIFT_VERSION = 5.0;
				TARGETED_DEVICE_FAMILY = "1,2";
				TEST_HOST = "$(BUILT_PRODUCTS_DIR)/Planka.app/Planka";
			};
			name = Release;
		};
		84D39903270B62E300D0ABE1 /* Debug */ = {
			isa = XCBuildConfiguration;
			buildSettings = {
				ALWAYS_EMBED_SWIFT_STANDARD_LIBRARIES = YES;
				CODE_SIGN_STYLE = Automatic;
				CURRENT_PROJECT_VERSION = 1;
				DEVELOPMENT_TEAM = 245L36N25P;
				GENERATE_INFOPLIST_FILE = YES;
				LD_RUNPATH_SEARCH_PATHS = (
					"$(inherited)",
					"@executable_path/Frameworks",
					"@loader_path/Frameworks",
				);
				MARKETING_VERSION = 1.0;
				PRODUCT_BUNDLE_IDENTIFIER = drogonov.PlankaUITests;
				PRODUCT_NAME = "$(TARGET_NAME)";
				SWIFT_EMIT_LOC_STRINGS = NO;
				SWIFT_VERSION = 5.0;
				TARGETED_DEVICE_FAMILY = "1,2";
				TEST_TARGET_NAME = Planka;
			};
			name = Debug;
		};
		84D39904270B62E300D0ABE1 /* Release */ = {
			isa = XCBuildConfiguration;
			buildSettings = {
				ALWAYS_EMBED_SWIFT_STANDARD_LIBRARIES = YES;
				CODE_SIGN_STYLE = Automatic;
				CURRENT_PROJECT_VERSION = 1;
				DEVELOPMENT_TEAM = 245L36N25P;
				GENERATE_INFOPLIST_FILE = YES;
				LD_RUNPATH_SEARCH_PATHS = (
					"$(inherited)",
					"@executable_path/Frameworks",
					"@loader_path/Frameworks",
				);
				MARKETING_VERSION = 1.0;
				PRODUCT_BUNDLE_IDENTIFIER = drogonov.PlankaUITests;
				PRODUCT_NAME = "$(TARGET_NAME)";
				SWIFT_EMIT_LOC_STRINGS = NO;
				SWIFT_VERSION = 5.0;
				TARGETED_DEVICE_FAMILY = "1,2";
				TEST_TARGET_NAME = Planka;
			};
			name = Release;
		};
/* End XCBuildConfiguration section */

/* Begin XCConfigurationList section */
		84D398CD270B62E100D0ABE1 /* Build configuration list for PBXProject "Planka" */ = {
			isa = XCConfigurationList;
			buildConfigurations = (
				84D398FA270B62E300D0ABE1 /* Debug */,
				84D398FB270B62E300D0ABE1 /* Release */,
			);
			defaultConfigurationIsVisible = 0;
			defaultConfigurationName = Release;
		};
		84D398FC270B62E300D0ABE1 /* Build configuration list for PBXNativeTarget "Planka" */ = {
			isa = XCConfigurationList;
			buildConfigurations = (
				84D398FD270B62E300D0ABE1 /* Debug */,
				84D398FE270B62E300D0ABE1 /* Release */,
			);
			defaultConfigurationIsVisible = 0;
			defaultConfigurationName = Release;
		};
		84D398FF270B62E300D0ABE1 /* Build configuration list for PBXNativeTarget "PlankaTests" */ = {
			isa = XCConfigurationList;
			buildConfigurations = (
				84D39900270B62E300D0ABE1 /* Debug */,
				84D39901270B62E300D0ABE1 /* Release */,
			);
			defaultConfigurationIsVisible = 0;
			defaultConfigurationName = Release;
		};
		84D39902270B62E300D0ABE1 /* Build configuration list for PBXNativeTarget "PlankaUITests" */ = {
			isa = XCConfigurationList;
			buildConfigurations = (
				84D39903270B62E300D0ABE1 /* Debug */,
				84D39904270B62E300D0ABE1 /* Release */,
			);
			defaultConfigurationIsVisible = 0;
			defaultConfigurationName = Release;
		};
/* End XCConfigurationList section */
	};
	rootObject = 84D398CA270B62E100D0ABE1 /* Project object */;
}
